
Microsoft Visual Studio Solution File, Format Version 12.00
# Visual Studio Version 16
VisualStudioVersion = 16.0.29905.134
MinimumVisualStudioVersion = 10.0.40219.1
Project("{8BC9CEB8-8B4A-11D0-8D11-00A0C91BC942}") = "cli", "cli\cli.vcxproj", "{5E99498C-D30C-48EF-A04A-7977C0305FAC}"
EndProject
Project("{FAE04EC0-301F-11D3-BF4B-00C04F79EFBC}") = "app", "app\app.csproj", "{8569489B-D2C3-42CF-B1DF-BFEEEF4A58FD}"
EndProject
Project("{FAE04EC0-301F-11D3-BF4B-00C04F79EFBC}") = "test", "test\test.csproj", "{36435D2D-63B1-4E6F-8148-B6D35D142AD8}"
EndProject
Project("{930C7802-8A8C-48F9-8165-68863BCCD9DD}") = "msi", "msi\msi.wixproj", "{DF1247C6-970E-4B88-9965-FB29C2AD4301}"
EndProject
Global
	GlobalSection(SolutionConfigurationPlatforms) = preSolution
		Debug|x64 = Debug|x64
		Debug|x86 = Debug|x86
		Debug2|x64 = Debug2|x64
		Debug2|x86 = Debug2|x86
		Release|x64 = Release|x64
		Release|x86 = Release|x86
		Release2|x64 = Release2|x64
		Release2|x86 = Release2|x86
	EndGlobalSection
	GlobalSection(ProjectConfigurationPlatforms) = postSolution
		{5E99498C-D30C-48EF-A04A-7977C0305FAC}.Debug|x64.ActiveCfg = Debug|x64
		{5E99498C-D30C-48EF-A04A-7977C0305FAC}.Debug|x64.Build.0 = Debug|x64
		{5E99498C-D30C-48EF-A04A-7977C0305FAC}.Debug|x86.ActiveCfg = Debug|Win32
		{5E99498C-D30C-48EF-A04A-7977C0305FAC}.Debug|x86.Build.0 = Debug|Win32
		{5E99498C-D30C-48EF-A04A-7977C0305FAC}.Debug2|x64.ActiveCfg = Debug2|x64
		{5E99498C-D30C-48EF-A04A-7977C0305FAC}.Debug2|x64.Build.0 = Debug2|x64
		{5E99498C-D30C-48EF-A04A-7977C0305FAC}.Debug2|x86.ActiveCfg = Debug2|Win32
		{5E99498C-D30C-48EF-A04A-7977C0305FAC}.Debug2|x86.Build.0 = Debug2|Win32
		{5E99498C-D30C-48EF-A04A-7977C0305FAC}.Release|x64.ActiveCfg = Release|x64
		{5E99498C-D30C-48EF-A04A-7977C0305FAC}.Release|x64.Build.0 = Release|x64
		{5E99498C-D30C-48EF-A04A-7977C0305FAC}.Release|x86.ActiveCfg = Release|Win32
		{5E99498C-D30C-48EF-A04A-7977C0305FAC}.Release|x86.Build.0 = Release|Win32
		{5E99498C-D30C-48EF-A04A-7977C0305FAC}.Release2|x64.ActiveCfg = Release2|x64
		{5E99498C-D30C-48EF-A04A-7977C0305FAC}.Release2|x64.Build.0 = Release2|x64
		{5E99498C-D30C-48EF-A04A-7977C0305FAC}.Release2|x86.ActiveCfg = Release2|Win32
		{5E99498C-D30C-48EF-A04A-7977C0305FAC}.Release2|x86.Build.0 = Release2|Win32
		{8569489B-D2C3-42CF-B1DF-BFEEEF4A58FD}.Debug|x64.ActiveCfg = Debug|x64
		{8569489B-D2C3-42CF-B1DF-BFEEEF4A58FD}.Debug|x64.Build.0 = Debug|x64
		{8569489B-D2C3-42CF-B1DF-BFEEEF4A58FD}.Debug|x86.ActiveCfg = Debug|x86
		{8569489B-D2C3-42CF-B1DF-BFEEEF4A58FD}.Debug|x86.Build.0 = Debug|x86
		{8569489B-D2C3-42CF-B1DF-BFEEEF4A58FD}.Debug2|x64.ActiveCfg = Debug2|x64
		{8569489B-D2C3-42CF-B1DF-BFEEEF4A58FD}.Debug2|x64.Build.0 = Debug2|x64
		{8569489B-D2C3-42CF-B1DF-BFEEEF4A58FD}.Debug2|x86.ActiveCfg = Debug2|x86
		{8569489B-D2C3-42CF-B1DF-BFEEEF4A58FD}.Debug2|x86.Build.0 = Debug2|x86
		{8569489B-D2C3-42CF-B1DF-BFEEEF4A58FD}.Release|x64.ActiveCfg = Release|x64
		{8569489B-D2C3-42CF-B1DF-BFEEEF4A58FD}.Release|x64.Build.0 = Release|x64
		{8569489B-D2C3-42CF-B1DF-BFEEEF4A58FD}.Release|x86.ActiveCfg = Release|x86
		{8569489B-D2C3-42CF-B1DF-BFEEEF4A58FD}.Release|x86.Build.0 = Release|x86
		{8569489B-D2C3-42CF-B1DF-BFEEEF4A58FD}.Release2|x64.ActiveCfg = Release2|x64
		{8569489B-D2C3-42CF-B1DF-BFEEEF4A58FD}.Release2|x64.Build.0 = Release2|x64
		{8569489B-D2C3-42CF-B1DF-BFEEEF4A58FD}.Release2|x86.ActiveCfg = Release2|x86
		{8569489B-D2C3-42CF-B1DF-BFEEEF4A58FD}.Release2|x86.Build.0 = Release2|x86
		{36435D2D-63B1-4E6F-8148-B6D35D142AD8}.Debug|x64.ActiveCfg = Debug|x64
		{36435D2D-63B1-4E6F-8148-B6D35D142AD8}.Debug|x64.Build.0 = Debug|x64
		{36435D2D-63B1-4E6F-8148-B6D35D142AD8}.Debug|x86.ActiveCfg = Release|x86
		{36435D2D-63B1-4E6F-8148-B6D35D142AD8}.Debug|x86.Build.0 = Release|x86
		{36435D2D-63B1-4E6F-8148-B6D35D142AD8}.Debug2|x64.ActiveCfg = Release|x64
		{36435D2D-63B1-4E6F-8148-B6D35D142AD8}.Debug2|x64.Build.0 = Release|x64
		{36435D2D-63B1-4E6F-8148-B6D35D142AD8}.Debug2|x86.ActiveCfg = Release|x86
		{36435D2D-63B1-4E6F-8148-B6D35D142AD8}.Debug2|x86.Build.0 = Release|x86
		{36435D2D-63B1-4E6F-8148-B6D35D142AD8}.Release|x64.ActiveCfg = Release|x64
		{36435D2D-63B1-4E6F-8148-B6D35D142AD8}.Release|x64.Build.0 = Release|x64
		{36435D2D-63B1-4E6F-8148-B6D35D142AD8}.Release|x86.ActiveCfg = Release|x86
		{36435D2D-63B1-4E6F-8148-B6D35D142AD8}.Release|x86.Build.0 = Release|x86
		{36435D2D-63B1-4E6F-8148-B6D35D142AD8}.Release2|x64.ActiveCfg = Release|x64
		{36435D2D-63B1-4E6F-8148-B6D35D142AD8}.Release2|x64.Build.0 = Release|x64
		{36435D2D-63B1-4E6F-8148-B6D35D142AD8}.Release2|x86.ActiveCfg = Release|x86
		{36435D2D-63B1-4E6F-8148-B6D35D142AD8}.Release2|x86.Build.0 = Release|x86
		{DF1247C6-970E-4B88-9965-FB29C2AD4301}.Debug|x64.ActiveCfg = Debug|x64
		{DF1247C6-970E-4B88-9965-FB29C2AD4301}.Debug|x64.Build.0 = Debug|x64
		{DF1247C6-970E-4B88-9965-FB29C2AD4301}.Debug|x86.ActiveCfg = Debug|x86
		{DF1247C6-970E-4B88-9965-FB29C2AD4301}.Debug|x86.Build.0 = Debug|x86
		{DF1247C6-970E-4B88-9965-FB29C2AD4301}.Debug2|x64.ActiveCfg = Debug|x64
		{DF1247C6-970E-4B88-9965-FB29C2AD4301}.Debug2|x64.Build.0 = Debug|x64
		{DF1247C6-970E-4B88-9965-FB29C2AD4301}.Debug2|x86.ActiveCfg = Debug|x86
		{DF1247C6-970E-4B88-9965-FB29C2AD4301}.Debug2|x86.Build.0 = Debug|x86
		{DF1247C6-970E-4B88-9965-FB29C2AD4301}.Release|x64.ActiveCfg = Release|x64
		{DF1247C6-970E-4B88-9965-FB29C2AD4301}.Release|x64.Build.0 = Release|x64
		{DF1247C6-970E-4B88-9965-FB29C2AD4301}.Release|x86.ActiveCfg = Release|x86
		{DF1247C6-970E-4B88-9965-FB29C2AD4301}.Release|x86.Build.0 = Release|x86
		{DF1247C6-970E-4B88-9965-FB29C2AD4301}.Release2|x64.ActiveCfg = Release|x64
		{DF1247C6-970E-4B88-9965-FB29C2AD4301}.Release2|x64.Build.0 = Release|x64
		{DF1247C6-970E-4B88-9965-FB29C2AD4301}.Release2|x86.ActiveCfg = Release|x86
		{DF1247C6-970E-4B88-9965-FB29C2AD4301}.Release2|x86.Build.0 = Release|x86
	EndGlobalSection
	GlobalSection(SolutionProperties) = preSolution
		HideSolutionNode = FALSE
	EndGlobalSection
	GlobalSection(ExtensibilityGlobals) = postSolution
		SolutionGuid = {584AD960-5131-44A4-8D49-9B5B29AB1F12}
	EndGlobalSection
EndGlobal
