
Microsoft Visual Studio Solution File, Format Version 12.00
# Visual Studio 14
VisualStudioVersion = 14.0.25420.1
MinimumVisualStudioVersion = 10.0.40219.1
Project("{8BC9CEB8-8B4A-11D0-8D11-00A0C91BC942}") = "golddrive", "golddrive\golddrive.vcxproj", "{5E99498C-D30C-48EF-A04A-7977C0305FAC}"
EndProject
Project("{FAE04EC0-301F-11D3-BF4B-00C04F79EFBC}") = "golddrive-ui", "golddrive-ui\golddrive-ui.csproj", "{8569489B-D2C3-42CF-B1DF-BFEEEF4A58FD}"
EndProject
Project("{FAE04EC0-301F-11D3-BF4B-00C04F79EFBC}") = "golddrive-test", "golddrive-test\golddrive-test.csproj", "{36435D2D-63B1-4E6F-8148-B6D35D142AD8}"
EndProject
Project("{930C7802-8A8C-48F9-8165-68863BCCD9DD}") = "golddrive-msi", "golddrive-msi\golddrive-msi.wixproj", "{DF1247C6-970E-4B88-9965-FB29C2AD4301}"
EndProject
Project("{930C7802-8A8C-48F9-8165-68863BCCD9DD}") = "golddrive-setup", "golddrive-setup\golddrive-setup.wixproj", "{6004D72E-B0B7-46F3-A1FB-954B18A476C2}"
EndProject
Global
	GlobalSection(SolutionConfigurationPlatforms) = preSolution
		Debug|Any CPU = Debug|Any CPU
		Debug|x64 = Debug|x64
		Debug|x86 = Debug|x86
		MinSizeRel|Any CPU = MinSizeRel|Any CPU
		MinSizeRel|x64 = MinSizeRel|x64
		MinSizeRel|x86 = MinSizeRel|x86
		Release|Any CPU = Release|Any CPU
		Release|x64 = Release|x64
		Release|x86 = Release|x86
		RelWithDebInfo|Any CPU = RelWithDebInfo|Any CPU
		RelWithDebInfo|x64 = RelWithDebInfo|x64
		RelWithDebInfo|x86 = RelWithDebInfo|x86
	EndGlobalSection
	GlobalSection(ProjectConfigurationPlatforms) = postSolution
		{5E99498C-D30C-48EF-A04A-7977C0305FAC}.Debug|Any CPU.ActiveCfg = Debug|Win32
		{5E99498C-D30C-48EF-A04A-7977C0305FAC}.Debug|x64.ActiveCfg = Debug|x64
		{5E99498C-D30C-48EF-A04A-7977C0305FAC}.Debug|x64.Build.0 = Debug|x64
		{5E99498C-D30C-48EF-A04A-7977C0305FAC}.Debug|x86.ActiveCfg = Debug|Win32
		{5E99498C-D30C-48EF-A04A-7977C0305FAC}.Debug|x86.Build.0 = Debug|Win32
		{5E99498C-D30C-48EF-A04A-7977C0305FAC}.MinSizeRel|Any CPU.ActiveCfg = Release|Win32
		{5E99498C-D30C-48EF-A04A-7977C0305FAC}.MinSizeRel|Any CPU.Build.0 = Release|Win32
		{5E99498C-D30C-48EF-A04A-7977C0305FAC}.MinSizeRel|x64.ActiveCfg = Release|x64
		{5E99498C-D30C-48EF-A04A-7977C0305FAC}.MinSizeRel|x64.Build.0 = Release|x64
		{5E99498C-D30C-48EF-A04A-7977C0305FAC}.MinSizeRel|x86.ActiveCfg = Release|Win32
		{5E99498C-D30C-48EF-A04A-7977C0305FAC}.MinSizeRel|x86.Build.0 = Release|Win32
		{5E99498C-D30C-48EF-A04A-7977C0305FAC}.Release|Any CPU.ActiveCfg = Release|Win32
		{5E99498C-D30C-48EF-A04A-7977C0305FAC}.Release|x64.ActiveCfg = Release|x64
		{5E99498C-D30C-48EF-A04A-7977C0305FAC}.Release|x64.Build.0 = Release|x64
		{5E99498C-D30C-48EF-A04A-7977C0305FAC}.Release|x86.ActiveCfg = Release|Win32
		{5E99498C-D30C-48EF-A04A-7977C0305FAC}.Release|x86.Build.0 = Release|Win32
		{5E99498C-D30C-48EF-A04A-7977C0305FAC}.RelWithDebInfo|Any CPU.ActiveCfg = Release|Win32
		{5E99498C-D30C-48EF-A04A-7977C0305FAC}.RelWithDebInfo|Any CPU.Build.0 = Release|Win32
		{5E99498C-D30C-48EF-A04A-7977C0305FAC}.RelWithDebInfo|x64.ActiveCfg = Release|x64
		{5E99498C-D30C-48EF-A04A-7977C0305FAC}.RelWithDebInfo|x64.Build.0 = Release|x64
		{5E99498C-D30C-48EF-A04A-7977C0305FAC}.RelWithDebInfo|x86.ActiveCfg = Release|Win32
		{5E99498C-D30C-48EF-A04A-7977C0305FAC}.RelWithDebInfo|x86.Build.0 = Release|Win32
		{8569489B-D2C3-42CF-B1DF-BFEEEF4A58FD}.Debug|Any CPU.ActiveCfg = Debug|Any CPU
		{8569489B-D2C3-42CF-B1DF-BFEEEF4A58FD}.Debug|Any CPU.Build.0 = Debug|Any CPU
		{8569489B-D2C3-42CF-B1DF-BFEEEF4A58FD}.Debug|x64.ActiveCfg = Debug|x64
		{8569489B-D2C3-42CF-B1DF-BFEEEF4A58FD}.Debug|x64.Build.0 = Debug|x64
		{8569489B-D2C3-42CF-B1DF-BFEEEF4A58FD}.Debug|x86.ActiveCfg = Debug|Any CPU
		{8569489B-D2C3-42CF-B1DF-BFEEEF4A58FD}.Debug|x86.Build.0 = Debug|Any CPU
		{8569489B-D2C3-42CF-B1DF-BFEEEF4A58FD}.MinSizeRel|Any CPU.ActiveCfg = Release|Any CPU
		{8569489B-D2C3-42CF-B1DF-BFEEEF4A58FD}.MinSizeRel|Any CPU.Build.0 = Release|Any CPU
		{8569489B-D2C3-42CF-B1DF-BFEEEF4A58FD}.MinSizeRel|x64.ActiveCfg = Release|Any CPU
		{8569489B-D2C3-42CF-B1DF-BFEEEF4A58FD}.MinSizeRel|x64.Build.0 = Release|Any CPU
		{8569489B-D2C3-42CF-B1DF-BFEEEF4A58FD}.MinSizeRel|x86.ActiveCfg = Release|Any CPU
		{8569489B-D2C3-42CF-B1DF-BFEEEF4A58FD}.MinSizeRel|x86.Build.0 = Release|Any CPU
		{8569489B-D2C3-42CF-B1DF-BFEEEF4A58FD}.Release|Any CPU.ActiveCfg = Release|Any CPU
		{8569489B-D2C3-42CF-B1DF-BFEEEF4A58FD}.Release|Any CPU.Build.0 = Release|Any CPU
		{8569489B-D2C3-42CF-B1DF-BFEEEF4A58FD}.Release|x64.ActiveCfg = Release|x64
		{8569489B-D2C3-42CF-B1DF-BFEEEF4A58FD}.Release|x64.Build.0 = Release|x64
		{8569489B-D2C3-42CF-B1DF-BFEEEF4A58FD}.Release|x86.ActiveCfg = Release|Any CPU
		{8569489B-D2C3-42CF-B1DF-BFEEEF4A58FD}.Release|x86.Build.0 = Release|Any CPU
		{8569489B-D2C3-42CF-B1DF-BFEEEF4A58FD}.RelWithDebInfo|Any CPU.ActiveCfg = Release|Any CPU
		{8569489B-D2C3-42CF-B1DF-BFEEEF4A58FD}.RelWithDebInfo|Any CPU.Build.0 = Release|Any CPU
		{8569489B-D2C3-42CF-B1DF-BFEEEF4A58FD}.RelWithDebInfo|x64.ActiveCfg = Release|Any CPU
		{8569489B-D2C3-42CF-B1DF-BFEEEF4A58FD}.RelWithDebInfo|x64.Build.0 = Release|Any CPU
		{8569489B-D2C3-42CF-B1DF-BFEEEF4A58FD}.RelWithDebInfo|x86.ActiveCfg = Release|Any CPU
		{8569489B-D2C3-42CF-B1DF-BFEEEF4A58FD}.RelWithDebInfo|x86.Build.0 = Release|Any CPU
		{36435D2D-63B1-4E6F-8148-B6D35D142AD8}.Debug|Any CPU.ActiveCfg = Debug|Any CPU
		{36435D2D-63B1-4E6F-8148-B6D35D142AD8}.Debug|Any CPU.Build.0 = Debug|Any CPU
		{36435D2D-63B1-4E6F-8148-B6D35D142AD8}.Debug|x64.ActiveCfg = Debug|x64
		{36435D2D-63B1-4E6F-8148-B6D35D142AD8}.Debug|x64.Build.0 = Debug|x64
		{36435D2D-63B1-4E6F-8148-B6D35D142AD8}.Debug|x86.ActiveCfg = Debug|Any CPU
		{36435D2D-63B1-4E6F-8148-B6D35D142AD8}.Debug|x86.Build.0 = Debug|Any CPU
		{36435D2D-63B1-4E6F-8148-B6D35D142AD8}.MinSizeRel|Any CPU.ActiveCfg = Release|Any CPU
		{36435D2D-63B1-4E6F-8148-B6D35D142AD8}.MinSizeRel|Any CPU.Build.0 = Release|Any CPU
		{36435D2D-63B1-4E6F-8148-B6D35D142AD8}.MinSizeRel|x64.ActiveCfg = Release|Any CPU
		{36435D2D-63B1-4E6F-8148-B6D35D142AD8}.MinSizeRel|x64.Build.0 = Release|Any CPU
		{36435D2D-63B1-4E6F-8148-B6D35D142AD8}.MinSizeRel|x86.ActiveCfg = Release|Any CPU
		{36435D2D-63B1-4E6F-8148-B6D35D142AD8}.MinSizeRel|x86.Build.0 = Release|Any CPU
		{36435D2D-63B1-4E6F-8148-B6D35D142AD8}.Release|Any CPU.ActiveCfg = Release|Any CPU
		{36435D2D-63B1-4E6F-8148-B6D35D142AD8}.Release|Any CPU.Build.0 = Release|Any CPU
		{36435D2D-63B1-4E6F-8148-B6D35D142AD8}.Release|x64.ActiveCfg = Release|x64
		{36435D2D-63B1-4E6F-8148-B6D35D142AD8}.Release|x64.Build.0 = Release|x64
		{36435D2D-63B1-4E6F-8148-B6D35D142AD8}.Release|x86.ActiveCfg = Release|Any CPU
		{36435D2D-63B1-4E6F-8148-B6D35D142AD8}.Release|x86.Build.0 = Release|Any CPU
		{36435D2D-63B1-4E6F-8148-B6D35D142AD8}.RelWithDebInfo|Any CPU.ActiveCfg = Release|Any CPU
		{36435D2D-63B1-4E6F-8148-B6D35D142AD8}.RelWithDebInfo|Any CPU.Build.0 = Release|Any CPU
		{36435D2D-63B1-4E6F-8148-B6D35D142AD8}.RelWithDebInfo|x64.ActiveCfg = Release|Any CPU
		{36435D2D-63B1-4E6F-8148-B6D35D142AD8}.RelWithDebInfo|x64.Build.0 = Release|Any CPU
		{36435D2D-63B1-4E6F-8148-B6D35D142AD8}.RelWithDebInfo|x86.ActiveCfg = Release|Any CPU
		{36435D2D-63B1-4E6F-8148-B6D35D142AD8}.RelWithDebInfo|x86.Build.0 = Release|Any CPU
		{DF1247C6-970E-4B88-9965-FB29C2AD4301}.Debug|Any CPU.ActiveCfg = Debug|x86
		{DF1247C6-970E-4B88-9965-FB29C2AD4301}.Debug|x64.ActiveCfg = Debug|x64
		{DF1247C6-970E-4B88-9965-FB29C2AD4301}.Debug|x64.Build.0 = Debug|x64
		{DF1247C6-970E-4B88-9965-FB29C2AD4301}.Debug|x86.ActiveCfg = Debug|x86
		{DF1247C6-970E-4B88-9965-FB29C2AD4301}.Debug|x86.Build.0 = Debug|x86
		{DF1247C6-970E-4B88-9965-FB29C2AD4301}.MinSizeRel|Any CPU.ActiveCfg = Release|x86
		{DF1247C6-970E-4B88-9965-FB29C2AD4301}.MinSizeRel|Any CPU.Build.0 = Release|x86
		{DF1247C6-970E-4B88-9965-FB29C2AD4301}.MinSizeRel|x64.ActiveCfg = Release|x86
		{DF1247C6-970E-4B88-9965-FB29C2AD4301}.MinSizeRel|x64.Build.0 = Release|x86
		{DF1247C6-970E-4B88-9965-FB29C2AD4301}.MinSizeRel|x86.ActiveCfg = Release|x86
		{DF1247C6-970E-4B88-9965-FB29C2AD4301}.MinSizeRel|x86.Build.0 = Release|x86
		{DF1247C6-970E-4B88-9965-FB29C2AD4301}.Release|Any CPU.ActiveCfg = Release|x86
		{DF1247C6-970E-4B88-9965-FB29C2AD4301}.Release|x64.ActiveCfg = Release|x64
		{DF1247C6-970E-4B88-9965-FB29C2AD4301}.Release|x64.Build.0 = Release|x64
		{DF1247C6-970E-4B88-9965-FB29C2AD4301}.Release|x86.ActiveCfg = Release|x86
		{DF1247C6-970E-4B88-9965-FB29C2AD4301}.Release|x86.Build.0 = Release|x86
		{DF1247C6-970E-4B88-9965-FB29C2AD4301}.RelWithDebInfo|Any CPU.ActiveCfg = Release|x86
		{DF1247C6-970E-4B88-9965-FB29C2AD4301}.RelWithDebInfo|Any CPU.Build.0 = Release|x86
		{DF1247C6-970E-4B88-9965-FB29C2AD4301}.RelWithDebInfo|x64.ActiveCfg = Release|x86
		{DF1247C6-970E-4B88-9965-FB29C2AD4301}.RelWithDebInfo|x64.Build.0 = Release|x86
		{DF1247C6-970E-4B88-9965-FB29C2AD4301}.RelWithDebInfo|x86.ActiveCfg = Release|x86
		{DF1247C6-970E-4B88-9965-FB29C2AD4301}.RelWithDebInfo|x86.Build.0 = Release|x86
		{6004D72E-B0B7-46F3-A1FB-954B18A476C2}.Debug|Any CPU.ActiveCfg = Debug|x86
		{6004D72E-B0B7-46F3-A1FB-954B18A476C2}.Debug|x64.ActiveCfg = Debug|x86
		{6004D72E-B0B7-46F3-A1FB-954B18A476C2}.Debug|x86.ActiveCfg = Debug|x86
		{6004D72E-B0B7-46F3-A1FB-954B18A476C2}.Debug|x86.Build.0 = Debug|x86
		{6004D72E-B0B7-46F3-A1FB-954B18A476C2}.MinSizeRel|Any CPU.ActiveCfg = Release|x86
		{6004D72E-B0B7-46F3-A1FB-954B18A476C2}.MinSizeRel|Any CPU.Build.0 = Release|x86
		{6004D72E-B0B7-46F3-A1FB-954B18A476C2}.MinSizeRel|x64.ActiveCfg = Release|x86
		{6004D72E-B0B7-46F3-A1FB-954B18A476C2}.MinSizeRel|x64.Build.0 = Release|x86
		{6004D72E-B0B7-46F3-A1FB-954B18A476C2}.MinSizeRel|x86.ActiveCfg = Release|x86
		{6004D72E-B0B7-46F3-A1FB-954B18A476C2}.MinSizeRel|x86.Build.0 = Release|x86
		{6004D72E-B0B7-46F3-A1FB-954B18A476C2}.Release|Any CPU.ActiveCfg = Release|x86
		{6004D72E-B0B7-46F3-A1FB-954B18A476C2}.Release|x64.ActiveCfg = Release|x86
		{6004D72E-B0B7-46F3-A1FB-954B18A476C2}.Release|x86.ActiveCfg = Release|x86
		{6004D72E-B0B7-46F3-A1FB-954B18A476C2}.Release|x86.Build.0 = Release|x86
		{6004D72E-B0B7-46F3-A1FB-954B18A476C2}.RelWithDebInfo|Any CPU.ActiveCfg = Release|x86
		{6004D72E-B0B7-46F3-A1FB-954B18A476C2}.RelWithDebInfo|Any CPU.Build.0 = Release|x86
		{6004D72E-B0B7-46F3-A1FB-954B18A476C2}.RelWithDebInfo|x64.ActiveCfg = Release|x86
		{6004D72E-B0B7-46F3-A1FB-954B18A476C2}.RelWithDebInfo|x64.Build.0 = Release|x86
		{6004D72E-B0B7-46F3-A1FB-954B18A476C2}.RelWithDebInfo|x86.ActiveCfg = Release|x86
		{6004D72E-B0B7-46F3-A1FB-954B18A476C2}.RelWithDebInfo|x86.Build.0 = Release|x86
	EndGlobalSection
	GlobalSection(SolutionProperties) = preSolution
		HideSolutionNode = FALSE
	EndGlobalSection
EndGlobal
